
Microsoft Visual Studio Solution File, Format Version 12.00
# Visual Studio 15
VisualStudioVersion = 15.0.28010.2041
MinimumVisualStudioVersion = 10.0.40219.1
Project("{FAE04EC0-301F-11D3-BF4B-00C04F79EFBC}") = "Atestat", "Atestat\Atestat.csproj", "{1D9F3534-A793-4568-9058-7D95052071A2}"
EndProject
Global
	GlobalSection(SolutionConfigurationPlatforms) = preSolution
		Debug|Any CPU = Debug|Any CPU
		Release|Any CPU = Release|Any CPU
	EndGlobalSection
	GlobalSection(ProjectConfigurationPlatforms) = postSolution
		{1D9F3534-A793-4568-9058-7D95052071A2}.Debug|Any CPU.ActiveCfg = Debug|Any CPU
		{1D9F3534-A793-4568-9058-7D95052071A2}.Debug|Any CPU.Build.0 = Debug|Any CPU
		{1D9F3534-A793-4568-9058-7D95052071A2}.Release|Any CPU.ActiveCfg = Release|Any CPU
		{1D9F3534-A793-4568-9058-7D95052071A2}.Release|Any CPU.Build.0 = Release|Any CPU
	EndGlobalSection
	GlobalSection(SolutionProperties) = preSolution
		HideSolutionNode = FALSE
	EndGlobalSection
	GlobalSection(ExtensibilityGlobals) = postSolution
		SolutionGuid = {AD5B0F1D-1639-4578-83BD-03ABB6192FB8}
	EndGlobalSection
EndGlobal
